
Microsoft Visual Studio Solution File, Format Version 12.00
# Visual Studio 15
VisualStudioVersion = 15.0.28307.572
MinimumVisualStudioVersion = 10.0.40219.1
Project("{9A19103F-16F7-4668-BE54-9A1E7A4F7556}") = "EfficientGuids", "EfficientGuids\EfficientGuids.csproj", "{DCE1B77C-CB3D-4787-BDB8-AB2056D0AC5C}"
EndProject
Project("{FAE04EC0-301F-11D3-BF4B-00C04F79EFBC}") = "ConsoleApp", "ConsoleApp\ConsoleApp.csproj", "{9DDA8A3E-8336-4FDE-A9CC-AF021153F792}"
EndProject
Global
	GlobalSection(SolutionConfigurationPlatforms) = preSolution
		Debug|Any CPU = Debug|Any CPU
		Release|Any CPU = Release|Any CPU
	EndGlobalSection
	GlobalSection(ProjectConfigurationPlatforms) = postSolution
		{DCE1B77C-CB3D-4787-BDB8-AB2056D0AC5C}.Debug|Any CPU.ActiveCfg = Debug|Any CPU
		{DCE1B77C-CB3D-4787-BDB8-AB2056D0AC5C}.Debug|Any CPU.Build.0 = Debug|Any CPU
		{DCE1B77C-CB3D-4787-BDB8-AB2056D0AC5C}.Release|Any CPU.ActiveCfg = Release|Any CPU
		{DCE1B77C-CB3D-4787-BDB8-AB2056D0AC5C}.Release|Any CPU.Build.0 = Release|Any CPU
		{9DDA8A3E-8336-4FDE-A9CC-AF021153F792}.Debug|Any CPU.ActiveCfg = Debug|Any CPU
		{9DDA8A3E-8336-4FDE-A9CC-AF021153F792}.Debug|Any CPU.Build.0 = Debug|Any CPU
		{9DDA8A3E-8336-4FDE-A9CC-AF021153F792}.Release|Any CPU.ActiveCfg = Release|Any CPU
		{9DDA8A3E-8336-4FDE-A9CC-AF021153F792}.Release|Any CPU.Build.0 = Release|Any CPU
	EndGlobalSection
	GlobalSection(SolutionProperties) = preSolution
		HideSolutionNode = FALSE
	EndGlobalSection
	GlobalSection(ExtensibilityGlobals) = postSolution
		SolutionGuid = {C5F9E22B-9E24-4E81-B6CB-3DCF679242DB}
	EndGlobalSection
EndGlobal
